// !$*UTF8*$!
{
	archiveVersion = 1;
	classes = {
	};
	objectVersion = 46;
	objects = {

/* Begin PBXBuildFile section */
		FD14FF5D1EE2F055005E2052 /* PriorityBoxArray.h in Headers */ = {isa = PBXBuildFile; fileRef = FD14FF5B1EE2F055005E2052 /* PriorityBoxArray.h */; };
		FD14FF5E1EE2F055005E2052 /* PriorityBoxArray.m in Sources */ = {isa = PBXBuildFile; fileRef = FD14FF5C1EE2F055005E2052 /* PriorityBoxArray.m */; };
		FD7E94EB1EDFCA4B00A8392A /* iOSPalette.framework in Frameworks */ = {isa = PBXBuildFile; fileRef = FD7E94E11EDFCA4B00A8392A /* iOSPalette.framework */; };
		FD7E94F01EDFCA4B00A8392A /* iOSPaletteTests.m in Sources */ = {isa = PBXBuildFile; fileRef = FD7E94EF1EDFCA4B00A8392A /* iOSPaletteTests.m */; };
		FD7E94F21EDFCA4B00A8392A /* iOSPalette.h in Headers */ = {isa = PBXBuildFile; fileRef = FD7E94E41EDFCA4B00A8392A /* iOSPalette.h */; settings = {ATTRIBUTES = (Public, ); }; };
		FD7E950E1EDFCABA00A8392A /* UIImage+Palette.h in Headers */ = {isa = PBXBuildFile; fileRef = FD7E95041EDFCABA00A8392A /* UIImage+Palette.h */; };
		FD7E950F1EDFCABA00A8392A /* UIImage+Palette.m in Sources */ = {isa = PBXBuildFile; fileRef = FD7E95051EDFCABA00A8392A /* UIImage+Palette.m */; };
		FD7E95181EDFCB3300A8392A /* Palette.h in Headers */ = {isa = PBXBuildFile; fileRef = FD7E95101EDFCB3300A8392A /* Palette.h */; };
		FD7E95191EDFCB3300A8392A /* Palette.m in Sources */ = {isa = PBXBuildFile; fileRef = FD7E95111EDFCB3300A8392A /* Palette.m */; };
		FD7E951A1EDFCB3300A8392A /* PaletteColorUtils.h in Headers */ = {isa = PBXBuildFile; fileRef = FD7E95121EDFCB3300A8392A /* PaletteColorUtils.h */; };
		FD7E951B1EDFCB3300A8392A /* PaletteColorUtils.m in Sources */ = {isa = PBXBuildFile; fileRef = FD7E95131EDFCB3300A8392A /* PaletteColorUtils.m */; };
		FD7E951C1EDFCB3300A8392A /* PaletteSwatch.h in Headers */ = {isa = PBXBuildFile; fileRef = FD7E95141EDFCB3300A8392A /* PaletteSwatch.h */; };
		FD7E951D1EDFCB3300A8392A /* PaletteSwatch.m in Sources */ = {isa = PBXBuildFile; fileRef = FD7E95151EDFCB3300A8392A /* PaletteSwatch.m */; };
		FD7E951E1EDFCB3300A8392A /* PaletteTarget.h in Headers */ = {isa = PBXBuildFile; fileRef = FD7E95161EDFCB3300A8392A /* PaletteTarget.h */; };
		FD7E951F1EDFCB3300A8392A /* PaletteTarget.m in Sources */ = {isa = PBXBuildFile; fileRef = FD7E95171EDFCB3300A8392A /* PaletteTarget.m */; };
		FD7E95281EDFEEA200A8392A /* main.m in Sources */ = {isa = PBXBuildFile; fileRef = FD7E95271EDFEEA200A8392A /* main.m */; };
		FD7E952B1EDFEEA200A8392A /* AppDelegate.m in Sources */ = {isa = PBXBuildFile; fileRef = FD7E952A1EDFEEA200A8392A /* AppDelegate.m */; };
		FD7E952E1EDFEEA200A8392A /* ViewController.m in Sources */ = {isa = PBXBuildFile; fileRef = FD7E952D1EDFEEA200A8392A /* ViewController.m */; };
		FD7E95311EDFEEA200A8392A /* Main.storyboard in Resources */ = {isa = PBXBuildFile; fileRef = FD7E952F1EDFEEA200A8392A /* Main.storyboard */; };
		FD7E95331EDFEEA200A8392A /* Assets.xcassets in Resources */ = {isa = PBXBuildFile; fileRef = FD7E95321EDFEEA200A8392A /* Assets.xcassets */; };
		FD7E95361EDFEEA200A8392A /* LaunchScreen.storyboard in Resources */ = {isa = PBXBuildFile; fileRef = FD7E95341EDFEEA200A8392A /* LaunchScreen.storyboard */; };
		FD7E95411EDFEEA200A8392A /* PaletteDemoTests.m in Sources */ = {isa = PBXBuildFile; fileRef = FD7E95401EDFEEA200A8392A /* PaletteDemoTests.m */; };
		FD7E954C1EDFEEA200A8392A /* PaletteDemoUITests.m in Sources */ = {isa = PBXBuildFile; fileRef = FD7E954B1EDFEEA200A8392A /* PaletteDemoUITests.m */; };
		FD7E95571EDFEFA600A8392A /* iOSPalette.framework in Frameworks */ = {isa = PBXBuildFile; fileRef = FD7E94E11EDFCA4B00A8392A /* iOSPalette.framework */; };
		FD7E95581EDFEFA600A8392A /* iOSPalette.framework in Embed Frameworks */ = {isa = PBXBuildFile; fileRef = FD7E94E11EDFCA4B00A8392A /* iOSPalette.framework */; settings = {ATTRIBUTES = (CodeSignOnCopy, RemoveHeadersOnCopy, ); }; };
		FDD2123E1EE645F200DFB26F /* PaletteColorModel.h in Headers */ = {isa = PBXBuildFile; fileRef = FDD2123C1EE645F200DFB26F /* PaletteColorModel.h */; };
		FDD2123F1EE645F200DFB26F /* PaletteColorModel.m in Sources */ = {isa = PBXBuildFile; fileRef = FDD2123D1EE645F200DFB26F /* PaletteColorModel.m */; };
		FDFB0CCB1EE6C2E4002835BF /* UIColor+Hex.m in Sources */ = {isa = PBXBuildFile; fileRef = FDFB0CCA1EE6C2E4002835BF /* UIColor+Hex.m */; };
		FDFB0CCE1EE6C35E002835BF /* UIView+Geometry.m in Sources */ = {isa = PBXBuildFile; fileRef = FDFB0CCD1EE6C35E002835BF /* UIView+Geometry.m */; };
		FDFB0CD41EE6C7E8002835BF /* DemoShowColorSingleView.m in Sources */ = {isa = PBXBuildFile; fileRef = FDFB0CD31EE6C7E8002835BF /* DemoShowColorSingleView.m */; };
/* End PBXBuildFile section */

/* Begin PBXContainerItemProxy section */
		FD7E94EC1EDFCA4B00A8392A /* PBXContainerItemProxy */ = {
			isa = PBXContainerItemProxy;
			containerPortal = FD7E94D81EDFCA4B00A8392A /* Project object */;
			proxyType = 1;
			remoteGlobalIDString = FD7E94E01EDFCA4B00A8392A;
			remoteInfo = iOSPalette;
		};
		FD7E953D1EDFEEA200A8392A /* PBXContainerItemProxy */ = {
			isa = PBXContainerItemProxy;
			containerPortal = FD7E94D81EDFCA4B00A8392A /* Project object */;
			proxyType = 1;
			remoteGlobalIDString = FD7E95231EDFEEA200A8392A;
			remoteInfo = PaletteDemo;
		};
		FD7E95481EDFEEA200A8392A /* PBXContainerItemProxy */ = {
			isa = PBXContainerItemProxy;
			containerPortal = FD7E94D81EDFCA4B00A8392A /* Project object */;
			proxyType = 1;
			remoteGlobalIDString = FD7E95231EDFEEA200A8392A;
			remoteInfo = PaletteDemo;
		};
		FD7E95591EDFEFA600A8392A /* PBXContainerItemProxy */ = {
			isa = PBXContainerItemProxy;
			containerPortal = FD7E94D81EDFCA4B00A8392A /* Project object */;
			proxyType = 1;
			remoteGlobalIDString = FD7E94E01EDFCA4B00A8392A;
			remoteInfo = iOSPalette;
		};
/* End PBXContainerItemProxy section */

/* Begin PBXCopyFilesBuildPhase section */
		FD7E955B1EDFEFA600A8392A /* Embed Frameworks */ = {
			isa = PBXCopyFilesBuildPhase;
			buildActionMask = 2147483647;
			dstPath = "";
			dstSubfolderSpec = 10;
			files = (
				FD7E95581EDFEFA600A8392A /* iOSPalette.framework in Embed Frameworks */,
			);
			name = "Embed Frameworks";
			runOnlyForDeploymentPostprocessing = 0;
		};
/* End PBXCopyFilesBuildPhase section */

/* Begin PBXFileReference section */
		FD14FF5B1EE2F055005E2052 /* PriorityBoxArray.h */ = {isa = PBXFileReference; fileEncoding = 4; lastKnownFileType = sourcecode.c.h; path = PriorityBoxArray.h; sourceTree = "<group>"; };
		FD14FF5C1EE2F055005E2052 /* PriorityBoxArray.m */ = {isa = PBXFileReference; fileEncoding = 4; lastKnownFileType = sourcecode.c.objc; path = PriorityBoxArray.m; sourceTree = "<group>"; };
		FD7E94E11EDFCA4B00A8392A /* iOSPalette.framework */ = {isa = PBXFileReference; explicitFileType = wrapper.framework; includeInIndex = 0; path = iOSPalette.framework; sourceTree = BUILT_PRODUCTS_DIR; };
		FD7E94E41EDFCA4B00A8392A /* iOSPalette.h */ = {isa = PBXFileReference; lastKnownFileType = sourcecode.c.h; path = iOSPalette.h; sourceTree = "<group>"; };
		FD7E94E51EDFCA4B00A8392A /* Info.plist */ = {isa = PBXFileReference; lastKnownFileType = text.plist.xml; path = Info.plist; sourceTree = "<group>"; };
		FD7E94EA1EDFCA4B00A8392A /* iOSPaletteTests.xctest */ = {isa = PBXFileReference; explicitFileType = wrapper.cfbundle; includeInIndex = 0; path = iOSPaletteTests.xctest; sourceTree = BUILT_PRODUCTS_DIR; };
		FD7E94EF1EDFCA4B00A8392A /* iOSPaletteTests.m */ = {isa = PBXFileReference; lastKnownFileType = sourcecode.c.objc; path = iOSPaletteTests.m; sourceTree = "<group>"; };
		FD7E94F11EDFCA4B00A8392A /* Info.plist */ = {isa = PBXFileReference; lastKnownFileType = text.plist.xml; path = Info.plist; sourceTree = "<group>"; };
		FD7E95041EDFCABA00A8392A /* UIImage+Palette.h */ = {isa = PBXFileReference; fileEncoding = 4; lastKnownFileType = sourcecode.c.h; path = "UIImage+Palette.h"; sourceTree = "<group>"; };
		FD7E95051EDFCABA00A8392A /* UIImage+Palette.m */ = {isa = PBXFileReference; fileEncoding = 4; lastKnownFileType = sourcecode.c.objc; path = "UIImage+Palette.m"; sourceTree = "<group>"; };
		FD7E95101EDFCB3300A8392A /* Palette.h */ = {isa = PBXFileReference; fileEncoding = 4; lastKnownFileType = sourcecode.c.h; path = Palette.h; sourceTree = "<group>"; };
		FD7E95111EDFCB3300A8392A /* Palette.m */ = {isa = PBXFileReference; fileEncoding = 4; lastKnownFileType = sourcecode.c.objc; path = Palette.m; sourceTree = "<group>"; };
		FD7E95121EDFCB3300A8392A /* PaletteColorUtils.h */ = {isa = PBXFileReference; fileEncoding = 4; lastKnownFileType = sourcecode.c.h; path = PaletteColorUtils.h; sourceTree = "<group>"; };
		FD7E95131EDFCB3300A8392A /* PaletteColorUtils.m */ = {isa = PBXFileReference; fileEncoding = 4; lastKnownFileType = sourcecode.c.objc; path = PaletteColorUtils.m; sourceTree = "<group>"; };
		FD7E95141EDFCB3300A8392A /* PaletteSwatch.h */ = {isa = PBXFileReference; fileEncoding = 4; lastKnownFileType = sourcecode.c.h; path = PaletteSwatch.h; sourceTree = "<group>"; };
		FD7E95151EDFCB3300A8392A /* PaletteSwatch.m */ = {isa = PBXFileReference; fileEncoding = 4; lastKnownFileType = sourcecode.c.objc; path = PaletteSwatch.m; sourceTree = "<group>"; };
		FD7E95161EDFCB3300A8392A /* PaletteTarget.h */ = {isa = PBXFileReference; fileEncoding = 4; lastKnownFileType = sourcecode.c.h; path = PaletteTarget.h; sourceTree = "<group>"; };
		FD7E95171EDFCB3300A8392A /* PaletteTarget.m */ = {isa = PBXFileReference; fileEncoding = 4; lastKnownFileType = sourcecode.c.objc; path = PaletteTarget.m; sourceTree = "<group>"; };
		FD7E95241EDFEEA200A8392A /* PaletteDemo.app */ = {isa = PBXFileReference; explicitFileType = wrapper.application; includeInIndex = 0; path = PaletteDemo.app; sourceTree = BUILT_PRODUCTS_DIR; };
		FD7E95271EDFEEA200A8392A /* main.m */ = {isa = PBXFileReference; lastKnownFileType = sourcecode.c.objc; path = main.m; sourceTree = "<group>"; };
		FD7E95291EDFEEA200A8392A /* AppDelegate.h */ = {isa = PBXFileReference; lastKnownFileType = sourcecode.c.h; path = AppDelegate.h; sourceTree = "<group>"; };
		FD7E952A1EDFEEA200A8392A /* AppDelegate.m */ = {isa = PBXFileReference; lastKnownFileType = sourcecode.c.objc; path = AppDelegate.m; sourceTree = "<group>"; };
		FD7E952C1EDFEEA200A8392A /* ViewController.h */ = {isa = PBXFileReference; lastKnownFileType = sourcecode.c.h; path = ViewController.h; sourceTree = "<group>"; };
		FD7E952D1EDFEEA200A8392A /* ViewController.m */ = {isa = PBXFileReference; lastKnownFileType = sourcecode.c.objc; path = ViewController.m; sourceTree = "<group>"; };
		FD7E95301EDFEEA200A8392A /* Base */ = {isa = PBXFileReference; lastKnownFileType = file.storyboard; name = Base; path = Base.lproj/Main.storyboard; sourceTree = "<group>"; };
		FD7E95321EDFEEA200A8392A /* Assets.xcassets */ = {isa = PBXFileReference; lastKnownFileType = folder.assetcatalog; path = Assets.xcassets; sourceTree = "<group>"; };
		FD7E95351EDFEEA200A8392A /* Base */ = {isa = PBXFileReference; lastKnownFileType = file.storyboard; name = Base; path = Base.lproj/LaunchScreen.storyboard; sourceTree = "<group>"; };
		FD7E95371EDFEEA200A8392A /* Info.plist */ = {isa = PBXFileReference; lastKnownFileType = text.plist.xml; path = Info.plist; sourceTree = "<group>"; };
		FD7E953C1EDFEEA200A8392A /* PaletteDemoTests.xctest */ = {isa = PBXFileReference; explicitFileType = wrapper.cfbundle; includeInIndex = 0; path = PaletteDemoTests.xctest; sourceTree = BUILT_PRODUCTS_DIR; };
		FD7E95401EDFEEA200A8392A /* PaletteDemoTests.m */ = {isa = PBXFileReference; lastKnownFileType = sourcecode.c.objc; path = PaletteDemoTests.m; sourceTree = "<group>"; };
		FD7E95421EDFEEA200A8392A /* Info.plist */ = {isa = PBXFileReference; lastKnownFileType = text.plist.xml; path = Info.plist; sourceTree = "<group>"; };
		FD7E95471EDFEEA200A8392A /* PaletteDemoUITests.xctest */ = {isa = PBXFileReference; explicitFileType = wrapper.cfbundle; includeInIndex = 0; path = PaletteDemoUITests.xctest; sourceTree = BUILT_PRODUCTS_DIR; };
		FD7E954B1EDFEEA200A8392A /* PaletteDemoUITests.m */ = {isa = PBXFileReference; lastKnownFileType = sourcecode.c.objc; path = PaletteDemoUITests.m; sourceTree = "<group>"; };
		FD7E954D1EDFEEA200A8392A /* Info.plist */ = {isa = PBXFileReference; lastKnownFileType = text.plist.xml; path = Info.plist; sourceTree = "<group>"; };
		FDD2123C1EE645F200DFB26F /* PaletteColorModel.h */ = {isa = PBXFileReference; fileEncoding = 4; lastKnownFileType = sourcecode.c.h; path = PaletteColorModel.h; sourceTree = "<group>"; };
		FDD2123D1EE645F200DFB26F /* PaletteColorModel.m */ = {isa = PBXFileReference; fileEncoding = 4; lastKnownFileType = sourcecode.c.objc; path = PaletteColorModel.m; sourceTree = "<group>"; };
		FDFB0CC91EE6C2E4002835BF /* UIColor+Hex.h */ = {isa = PBXFileReference; fileEncoding = 4; lastKnownFileType = sourcecode.c.h; path = "UIColor+Hex.h"; sourceTree = "<group>"; };
		FDFB0CCA1EE6C2E4002835BF /* UIColor+Hex.m */ = {isa = PBXFileReference; fileEncoding = 4; lastKnownFileType = sourcecode.c.objc; path = "UIColor+Hex.m"; sourceTree = "<group>"; };
		FDFB0CCC1EE6C35E002835BF /* UIView+Geometry.h */ = {isa = PBXFileReference; fileEncoding = 4; lastKnownFileType = sourcecode.c.h; path = "UIView+Geometry.h"; sourceTree = "<group>"; };
		FDFB0CCD1EE6C35E002835BF /* UIView+Geometry.m */ = {isa = PBXFileReference; fileEncoding = 4; lastKnownFileType = sourcecode.c.objc; path = "UIView+Geometry.m"; sourceTree = "<group>"; };
		FDFB0CD21EE6C7E8002835BF /* DemoShowColorSingleView.h */ = {isa = PBXFileReference; fileEncoding = 4; lastKnownFileType = sourcecode.c.h; name = DemoShowColorSingleView.h; path = ThirdLib/DemoShowColorSingleView.h; sourceTree = "<group>"; };
		FDFB0CD31EE6C7E8002835BF /* DemoShowColorSingleView.m */ = {isa = PBXFileReference; fileEncoding = 4; lastKnownFileType = sourcecode.c.objc; name = DemoShowColorSingleView.m; path = ThirdLib/DemoShowColorSingleView.m; sourceTree = "<group>"; };
/* End PBXFileReference section */

/* Begin PBXFrameworksBuildPhase section */
		FD7E94DD1EDFCA4B00A8392A /* Frameworks */ = {
			isa = PBXFrameworksBuildPhase;
			buildActionMask = 2147483647;
			files = (
			);
			runOnlyForDeploymentPostprocessing = 0;
		};
		FD7E94E71EDFCA4B00A8392A /* Frameworks */ = {
			isa = PBXFrameworksBuildPhase;
			buildActionMask = 2147483647;
			files = (
				FD7E94EB1EDFCA4B00A8392A /* iOSPalette.framework in Frameworks */,
			);
			runOnlyForDeploymentPostprocessing = 0;
		};
		FD7E95211EDFEEA200A8392A /* Frameworks */ = {
			isa = PBXFrameworksBuildPhase;
			buildActionMask = 2147483647;
			files = (
				FD7E95571EDFEFA600A8392A /* iOSPalette.framework in Frameworks */,
			);
			runOnlyForDeploymentPostprocessing = 0;
		};
		FD7E95391EDFEEA200A8392A /* Frameworks */ = {
			isa = PBXFrameworksBuildPhase;
			buildActionMask = 2147483647;
			files = (
			);
			runOnlyForDeploymentPostprocessing = 0;
		};
		FD7E95441EDFEEA200A8392A /* Frameworks */ = {
			isa = PBXFrameworksBuildPhase;
			buildActionMask = 2147483647;
			files = (
			);
			runOnlyForDeploymentPostprocessing = 0;
		};
/* End PBXFrameworksBuildPhase section */

/* Begin PBXGroup section */
		FD7E94D71EDFCA4B00A8392A = {
			isa = PBXGroup;
			children = (
				FD7E94E31EDFCA4B00A8392A /* iOSPalette */,
				FD7E94EE1EDFCA4B00A8392A /* iOSPaletteTests */,
				FD7E95251EDFEEA200A8392A /* PaletteDemo */,
				FD7E953F1EDFEEA200A8392A /* PaletteDemoTests */,
				FD7E954A1EDFEEA200A8392A /* PaletteDemoUITests */,
				FD7E94E21EDFCA4B00A8392A /* Products */,
			);
			sourceTree = "<group>";
		};
		FD7E94E21EDFCA4B00A8392A /* Products */ = {
			isa = PBXGroup;
			children = (
				FD7E94E11EDFCA4B00A8392A /* iOSPalette.framework */,
				FD7E94EA1EDFCA4B00A8392A /* iOSPaletteTests.xctest */,
				FD7E95241EDFEEA200A8392A /* PaletteDemo.app */,
				FD7E953C1EDFEEA200A8392A /* PaletteDemoTests.xctest */,
				FD7E95471EDFEEA200A8392A /* PaletteDemoUITests.xctest */,
			);
			name = Products;
			sourceTree = "<group>";
		};
		FD7E94E31EDFCA4B00A8392A /* iOSPalette */ = {
			isa = PBXGroup;
			children = (
				FD7E94FB1EDFCABA00A8392A /* Source */,
				FD7E94E41EDFCA4B00A8392A /* iOSPalette.h */,
				FD7E94E51EDFCA4B00A8392A /* Info.plist */,
			);
			path = iOSPalette;
			sourceTree = "<group>";
		};
		FD7E94EE1EDFCA4B00A8392A /* iOSPaletteTests */ = {
			isa = PBXGroup;
			children = (
				FD7E94EF1EDFCA4B00A8392A /* iOSPaletteTests.m */,
				FD7E94F11EDFCA4B00A8392A /* Info.plist */,
			);
			path = iOSPaletteTests;
			sourceTree = "<group>";
		};
		FD7E94FB1EDFCABA00A8392A /* Source */ = {
			isa = PBXGroup;
			children = (
				FDD2123B1EE645E600DFB26F /* Model */,
				FD7E95101EDFCB3300A8392A /* Palette.h */,
				FD7E95111EDFCB3300A8392A /* Palette.m */,
				FD7E95121EDFCB3300A8392A /* PaletteColorUtils.h */,
				FD7E95131EDFCB3300A8392A /* PaletteColorUtils.m */,
				FD7E95141EDFCB3300A8392A /* PaletteSwatch.h */,
				FD7E95151EDFCB3300A8392A /* PaletteSwatch.m */,
				FD7E95161EDFCB3300A8392A /* PaletteTarget.h */,
				FD7E95171EDFCB3300A8392A /* PaletteTarget.m */,
				FD7E95041EDFCABA00A8392A /* UIImage+Palette.h */,
				FD7E95051EDFCABA00A8392A /* UIImage+Palette.m */,
				FD14FF5B1EE2F055005E2052 /* PriorityBoxArray.h */,
				FD14FF5C1EE2F055005E2052 /* PriorityBoxArray.m */,
			);
			path = Source;
			sourceTree = "<group>";
		};
		FD7E95251EDFEEA200A8392A /* PaletteDemo */ = {
			isa = PBXGroup;
			children = (
				FDFB0CC81EE6C2E4002835BF /* ThirdLib */,
				FD7E95291EDFEEA200A8392A /* AppDelegate.h */,
				FD7E952A1EDFEEA200A8392A /* AppDelegate.m */,
				FD7E952C1EDFEEA200A8392A /* ViewController.h */,
				FD7E952D1EDFEEA200A8392A /* ViewController.m */,
				FDFB0CD21EE6C7E8002835BF /* DemoShowColorSingleView.h */,
				FDFB0CD31EE6C7E8002835BF /* DemoShowColorSingleView.m */,
				FD7E952F1EDFEEA200A8392A /* Main.storyboard */,
				FD7E95321EDFEEA200A8392A /* Assets.xcassets */,
				FD7E95341EDFEEA200A8392A /* LaunchScreen.storyboard */,
				FD7E95371EDFEEA200A8392A /* Info.plist */,
				FD7E95261EDFEEA200A8392A /* Supporting Files */,
			);
			path = PaletteDemo;
			sourceTree = "<group>";
		};
		FD7E95261EDFEEA200A8392A /* Supporting Files */ = {
			isa = PBXGroup;
			children = (
				FD7E95271EDFEEA200A8392A /* main.m */,
			);
			name = "Supporting Files";
			sourceTree = "<group>";
		};
		FD7E953F1EDFEEA200A8392A /* PaletteDemoTests */ = {
			isa = PBXGroup;
			children = (
				FD7E95401EDFEEA200A8392A /* PaletteDemoTests.m */,
				FD7E95421EDFEEA200A8392A /* Info.plist */,
			);
			path = PaletteDemoTests;
			sourceTree = "<group>";
		};
		FD7E954A1EDFEEA200A8392A /* PaletteDemoUITests */ = {
			isa = PBXGroup;
			children = (
				FD7E954B1EDFEEA200A8392A /* PaletteDemoUITests.m */,
				FD7E954D1EDFEEA200A8392A /* Info.plist */,
			);
			path = PaletteDemoUITests;
			sourceTree = "<group>";
		};
		FDD2123B1EE645E600DFB26F /* Model */ = {
			isa = PBXGroup;
			children = (
				FDD2123C1EE645F200DFB26F /* PaletteColorModel.h */,
				FDD2123D1EE645F200DFB26F /* PaletteColorModel.m */,
			);
			path = Model;
			sourceTree = "<group>";
		};
		FDFB0CC81EE6C2E4002835BF /* ThirdLib */ = {
			isa = PBXGroup;
			children = (
				FDFB0CCC1EE6C35E002835BF /* UIView+Geometry.h */,
				FDFB0CCD1EE6C35E002835BF /* UIView+Geometry.m */,
				FDFB0CC91EE6C2E4002835BF /* UIColor+Hex.h */,
				FDFB0CCA1EE6C2E4002835BF /* UIColor+Hex.m */,
			);
			path = ThirdLib;
			sourceTree = "<group>";
		};
/* End PBXGroup section */

/* Begin PBXHeadersBuildPhase section */
		FD7E94DE1EDFCA4B00A8392A /* Headers */ = {
			isa = PBXHeadersBuildPhase;
			buildActionMask = 2147483647;
			files = (
				FDD2123E1EE645F200DFB26F /* PaletteColorModel.h in Headers */,
				FD7E951A1EDFCB3300A8392A /* PaletteColorUtils.h in Headers */,
				FD7E95181EDFCB3300A8392A /* Palette.h in Headers */,
				FD7E951C1EDFCB3300A8392A /* PaletteSwatch.h in Headers */,
				FD7E94F21EDFCA4B00A8392A /* iOSPalette.h in Headers */,
				FD7E950E1EDFCABA00A8392A /* UIImage+Palette.h in Headers */,
				FD7E951E1EDFCB3300A8392A /* PaletteTarget.h in Headers */,
				FD14FF5D1EE2F055005E2052 /* PriorityBoxArray.h in Headers */,
			);
			runOnlyForDeploymentPostprocessing = 0;
		};
/* End PBXHeadersBuildPhase section */

/* Begin PBXNativeTarget section */
		FD7E94E01EDFCA4B00A8392A /* iOSPalette */ = {
			isa = PBXNativeTarget;
			buildConfigurationList = FD7E94F51EDFCA4B00A8392A /* Build configuration list for PBXNativeTarget "iOSPalette" */;
			buildPhases = (
				FD7E94DC1EDFCA4B00A8392A /* Sources */,
				FD7E94DD1EDFCA4B00A8392A /* Frameworks */,
				FD7E94DE1EDFCA4B00A8392A /* Headers */,
				FD7E94DF1EDFCA4B00A8392A /* Resources */,
			);
			buildRules = (
			);
			dependencies = (
			);
			name = iOSPalette;
			productName = iOSPalette;
			productReference = FD7E94E11EDFCA4B00A8392A /* iOSPalette.framework */;
			productType = "com.apple.product-type.framework";
		};
		FD7E94E91EDFCA4B00A8392A /* iOSPaletteTests */ = {
			isa = PBXNativeTarget;
			buildConfigurationList = FD7E94F81EDFCA4B00A8392A /* Build configuration list for PBXNativeTarget "iOSPaletteTests" */;
			buildPhases = (
				FD7E94E61EDFCA4B00A8392A /* Sources */,
				FD7E94E71EDFCA4B00A8392A /* Frameworks */,
				FD7E94E81EDFCA4B00A8392A /* Resources */,
			);
			buildRules = (
			);
			dependencies = (
				FD7E94ED1EDFCA4B00A8392A /* PBXTargetDependency */,
			);
			name = iOSPaletteTests;
			productName = iOSPaletteTests;
			productReference = FD7E94EA1EDFCA4B00A8392A /* iOSPaletteTests.xctest */;
			productType = "com.apple.product-type.bundle.unit-test";
		};
		FD7E95231EDFEEA200A8392A /* PaletteDemo */ = {
			isa = PBXNativeTarget;
			buildConfigurationList = FD7E954E1EDFEEA200A8392A /* Build configuration list for PBXNativeTarget "PaletteDemo" */;
			buildPhases = (
				FD7E95201EDFEEA200A8392A /* Sources */,
				FD7E95211EDFEEA200A8392A /* Frameworks */,
				FD7E95221EDFEEA200A8392A /* Resources */,
				FD7E955B1EDFEFA600A8392A /* Embed Frameworks */,
			);
			buildRules = (
			);
			dependencies = (
				FD7E955A1EDFEFA600A8392A /* PBXTargetDependency */,
			);
			name = PaletteDemo;
			productName = PaletteDemo;
			productReference = FD7E95241EDFEEA200A8392A /* PaletteDemo.app */;
			productType = "com.apple.product-type.application";
		};
		FD7E953B1EDFEEA200A8392A /* PaletteDemoTests */ = {
			isa = PBXNativeTarget;
			buildConfigurationList = FD7E95511EDFEEA200A8392A /* Build configuration list for PBXNativeTarget "PaletteDemoTests" */;
			buildPhases = (
				FD7E95381EDFEEA200A8392A /* Sources */,
				FD7E95391EDFEEA200A8392A /* Frameworks */,
				FD7E953A1EDFEEA200A8392A /* Resources */,
			);
			buildRules = (
			);
			dependencies = (
				FD7E953E1EDFEEA200A8392A /* PBXTargetDependency */,
			);
			name = PaletteDemoTests;
			productName = PaletteDemoTests;
			productReference = FD7E953C1EDFEEA200A8392A /* PaletteDemoTests.xctest */;
			productType = "com.apple.product-type.bundle.unit-test";
		};
		FD7E95461EDFEEA200A8392A /* PaletteDemoUITests */ = {
			isa = PBXNativeTarget;
			buildConfigurationList = FD7E95541EDFEEA200A8392A /* Build configuration list for PBXNativeTarget "PaletteDemoUITests" */;
			buildPhases = (
				FD7E95431EDFEEA200A8392A /* Sources */,
				FD7E95441EDFEEA200A8392A /* Frameworks */,
				FD7E95451EDFEEA200A8392A /* Resources */,
			);
			buildRules = (
			);
			dependencies = (
				FD7E95491EDFEEA200A8392A /* PBXTargetDependency */,
			);
			name = PaletteDemoUITests;
			productName = PaletteDemoUITests;
			productReference = FD7E95471EDFEEA200A8392A /* PaletteDemoUITests.xctest */;
			productType = "com.apple.product-type.bundle.ui-testing";
		};
/* End PBXNativeTarget section */

/* Begin PBXProject section */
		FD7E94D81EDFCA4B00A8392A /* Project object */ = {
			isa = PBXProject;
			attributes = {
				LastUpgradeCheck = 0820;
				ORGANIZATIONNAME = DylanTang;
				TargetAttributes = {
					FD7E94E01EDFCA4B00A8392A = {
						CreatedOnToolsVersion = 8.2.1;
						DevelopmentTeam = NVDY5XJZGD;
						ProvisioningStyle = Automatic;
					};
					FD7E94E91EDFCA4B00A8392A = {
						CreatedOnToolsVersion = 8.2.1;
						ProvisioningStyle = Automatic;
					};
					FD7E95231EDFEEA200A8392A = {
						CreatedOnToolsVersion = 8.2.1;
						DevelopmentTeam = NVDY5XJZGD;
						ProvisioningStyle = Automatic;
					};
					FD7E953B1EDFEEA200A8392A = {
						CreatedOnToolsVersion = 8.2.1;
						ProvisioningStyle = Automatic;
						TestTargetID = FD7E95231EDFEEA200A8392A;
					};
					FD7E95461EDFEEA200A8392A = {
						CreatedOnToolsVersion = 8.2.1;
						ProvisioningStyle = Automatic;
						TestTargetID = FD7E95231EDFEEA200A8392A;
					};
				};
			};
			buildConfigurationList = FD7E94DB1EDFCA4B00A8392A /* Build configuration list for PBXProject "iOSPalette" */;
			compatibilityVersion = "Xcode 3.2";
			developmentRegion = English;
			hasScannedForEncodings = 0;
			knownRegions = (
				en,
				Base,
			);
			mainGroup = FD7E94D71EDFCA4B00A8392A;
			productRefGroup = FD7E94E21EDFCA4B00A8392A /* Products */;
			projectDirPath = "";
			projectRoot = "";
			targets = (
				FD7E94E01EDFCA4B00A8392A /* iOSPalette */,
				FD7E94E91EDFCA4B00A8392A /* iOSPaletteTests */,
				FD7E95231EDFEEA200A8392A /* PaletteDemo */,
				FD7E953B1EDFEEA200A8392A /* PaletteDemoTests */,
				FD7E95461EDFEEA200A8392A /* PaletteDemoUITests */,
			);
		};
/* End PBXProject section */

/* Begin PBXResourcesBuildPhase section */
		FD7E94DF1EDFCA4B00A8392A /* Resources */ = {
			isa = PBXResourcesBuildPhase;
			buildActionMask = 2147483647;
			files = (
			);
			runOnlyForDeploymentPostprocessing = 0;
		};
		FD7E94E81EDFCA4B00A8392A /* Resources */ = {
			isa = PBXResourcesBuildPhase;
			buildActionMask = 2147483647;
			files = (
			);
			runOnlyForDeploymentPostprocessing = 0;
		};
		FD7E95221EDFEEA200A8392A /* Resources */ = {
			isa = PBXResourcesBuildPhase;
			buildActionMask = 2147483647;
			files = (
				FD7E95361EDFEEA200A8392A /* LaunchScreen.storyboard in Resources */,
				FD7E95331EDFEEA200A8392A /* Assets.xcassets in Resources */,
				FD7E95311EDFEEA200A8392A /* Main.storyboard in Resources */,
			);
			runOnlyForDeploymentPostprocessing = 0;
		};
		FD7E953A1EDFEEA200A8392A /* Resources */ = {
			isa = PBXResourcesBuildPhase;
			buildActionMask = 2147483647;
			files = (
			);
			runOnlyForDeploymentPostprocessing = 0;
		};
		FD7E95451EDFEEA200A8392A /* Resources */ = {
			isa = PBXResourcesBuildPhase;
			buildActionMask = 2147483647;
			files = (
			);
			runOnlyForDeploymentPostprocessing = 0;
		};
/* End PBXResourcesBuildPhase section */

/* Begin PBXSourcesBuildPhase section */
		FD7E94DC1EDFCA4B00A8392A /* Sources */ = {
			isa = PBXSourcesBuildPhase;
			buildActionMask = 2147483647;
			files = (
				FD7E950F1EDFCABA00A8392A /* UIImage+Palette.m in Sources */,
				FD7E95191EDFCB3300A8392A /* Palette.m in Sources */,
				FD7E951B1EDFCB3300A8392A /* PaletteColorUtils.m in Sources */,
				FD14FF5E1EE2F055005E2052 /* PriorityBoxArray.m in Sources */,
				FD7E951D1EDFCB3300A8392A /* PaletteSwatch.m in Sources */,
				FDD2123F1EE645F200DFB26F /* PaletteColorModel.m in Sources */,
				FD7E951F1EDFCB3300A8392A /* PaletteTarget.m in Sources */,
			);
			runOnlyForDeploymentPostprocessing = 0;
		};
		FD7E94E61EDFCA4B00A8392A /* Sources */ = {
			isa = PBXSourcesBuildPhase;
			buildActionMask = 2147483647;
			files = (
				FD7E94F01EDFCA4B00A8392A /* iOSPaletteTests.m in Sources */,
			);
			runOnlyForDeploymentPostprocessing = 0;
		};
		FD7E95201EDFEEA200A8392A /* Sources */ = {
			isa = PBXSourcesBuildPhase;
			buildActionMask = 2147483647;
			files = (
				FDFB0CCE1EE6C35E002835BF /* UIView+Geometry.m in Sources */,
				FDFB0CD41EE6C7E8002835BF /* DemoShowColorSingleView.m in Sources */,
				FDFB0CCB1EE6C2E4002835BF /* UIColor+Hex.m in Sources */,
				FD7E952E1EDFEEA200A8392A /* ViewController.m in Sources */,
				FD7E952B1EDFEEA200A8392A /* AppDelegate.m in Sources */,
				FD7E95281EDFEEA200A8392A /* main.m in Sources */,
			);
			runOnlyForDeploymentPostprocessing = 0;
		};
		FD7E95381EDFEEA200A8392A /* Sources */ = {
			isa = PBXSourcesBuildPhase;
			buildActionMask = 2147483647;
			files = (
				FD7E95411EDFEEA200A8392A /* PaletteDemoTests.m in Sources */,
			);
			runOnlyForDeploymentPostprocessing = 0;
		};
		FD7E95431EDFEEA200A8392A /* Sources */ = {
			isa = PBXSourcesBuildPhase;
			buildActionMask = 2147483647;
			files = (
				FD7E954C1EDFEEA200A8392A /* PaletteDemoUITests.m in Sources */,
			);
			runOnlyForDeploymentPostprocessing = 0;
		};
/* End PBXSourcesBuildPhase section */

/* Begin PBXTargetDependency section */
		FD7E94ED1EDFCA4B00A8392A /* PBXTargetDependency */ = {
			isa = PBXTargetDependency;
			target = FD7E94E01EDFCA4B00A8392A /* iOSPalette */;
			targetProxy = FD7E94EC1EDFCA4B00A8392A /* PBXContainerItemProxy */;
		};
		FD7E953E1EDFEEA200A8392A /* PBXTargetDependency */ = {
			isa = PBXTargetDependency;
			target = FD7E95231EDFEEA200A8392A /* PaletteDemo */;
			targetProxy = FD7E953D1EDFEEA200A8392A /* PBXContainerItemProxy */;
		};
		FD7E95491EDFEEA200A8392A /* PBXTargetDependency */ = {
			isa = PBXTargetDependency;
			target = FD7E95231EDFEEA200A8392A /* PaletteDemo */;
			targetProxy = FD7E95481EDFEEA200A8392A /* PBXContainerItemProxy */;
		};
		FD7E955A1EDFEFA600A8392A /* PBXTargetDependency */ = {
			isa = PBXTargetDependency;
			target = FD7E94E01EDFCA4B00A8392A /* iOSPalette */;
			targetProxy = FD7E95591EDFEFA600A8392A /* PBXContainerItemProxy */;
		};
/* End PBXTargetDependency section */

/* Begin PBXVariantGroup section */
		FD7E952F1EDFEEA200A8392A /* Main.storyboard */ = {
			isa = PBXVariantGroup;
			children = (
				FD7E95301EDFEEA200A8392A /* Base */,
			);
			name = Main.storyboard;
			sourceTree = "<group>";
		};
		FD7E95341EDFEEA200A8392A /* LaunchScreen.storyboard */ = {
			isa = PBXVariantGroup;
			children = (
				FD7E95351EDFEEA200A8392A /* Base */,
			);
			name = LaunchScreen.storyboard;
			sourceTree = "<group>";
		};
/* End PBXVariantGroup section */

/* Begin XCBuildConfiguration section */
		FD7E94F31EDFCA4B00A8392A /* Debug */ = {
			isa = XCBuildConfiguration;
			buildSettings = {
				ALWAYS_SEARCH_USER_PATHS = NO;
				CLANG_ANALYZER_NONNULL = YES;
				CLANG_CXX_LANGUAGE_STANDARD = "gnu++0x";
				CLANG_CXX_LIBRARY = "libc++";
				CLANG_ENABLE_MODULES = YES;
				CLANG_ENABLE_OBJC_ARC = YES;
				CLANG_WARN_BOOL_CONVERSION = YES;
				CLANG_WARN_CONSTANT_CONVERSION = YES;
				CLANG_WARN_DIRECT_OBJC_ISA_USAGE = YES_ERROR;
				CLANG_WARN_DOCUMENTATION_COMMENTS = YES;
				CLANG_WARN_EMPTY_BODY = YES;
				CLANG_WARN_ENUM_CONVERSION = YES;
				CLANG_WARN_INFINITE_RECURSION = YES;
				CLANG_WARN_INT_CONVERSION = YES;
				CLANG_WARN_OBJC_ROOT_CLASS = YES_ERROR;
				CLANG_WARN_SUSPICIOUS_MOVE = YES;
				CLANG_WARN_UNREACHABLE_CODE = YES;
				CLANG_WARN__DUPLICATE_METHOD_MATCH = YES;
				"CODE_SIGN_IDENTITY[sdk=iphoneos*]" = "iPhone Developer";
				COPY_PHASE_STRIP = NO;
				CURRENT_PROJECT_VERSION = 1;
				DEBUG_INFORMATION_FORMAT = dwarf;
				ENABLE_STRICT_OBJC_MSGSEND = YES;
				ENABLE_TESTABILITY = YES;
				GCC_C_LANGUAGE_STANDARD = gnu99;
				GCC_DYNAMIC_NO_PIC = NO;
				GCC_NO_COMMON_BLOCKS = YES;
				GCC_OPTIMIZATION_LEVEL = 0;
				GCC_PREPROCESSOR_DEFINITIONS = (
					"DEBUG=1",
					"$(inherited)",
				);
				GCC_WARN_64_TO_32_BIT_CONVERSION = YES;
				GCC_WARN_ABOUT_RETURN_TYPE = YES_ERROR;
				GCC_WARN_UNDECLARED_SELECTOR = YES;
				GCC_WARN_UNINITIALIZED_AUTOS = YES_AGGRESSIVE;
				GCC_WARN_UNUSED_FUNCTION = YES;
				GCC_WARN_UNUSED_VARIABLE = YES;
				IPHONEOS_DEPLOYMENT_TARGET = 10.2;
				MTL_ENABLE_DEBUG_INFO = YES;
				ONLY_ACTIVE_ARCH = YES;
				SDKROOT = iphoneos;
				TARGETED_DEVICE_FAMILY = "1,2";
				VERSIONING_SYSTEM = "apple-generic";
				VERSION_INFO_PREFIX = "";
			};
			name = Debug;
		};
		FD7E94F41EDFCA4B00A8392A /* Release */ = {
			isa = XCBuildConfiguration;
			buildSettings = {
				ALWAYS_SEARCH_USER_PATHS = NO;
				CLANG_ANALYZER_NONNULL = YES;
				CLANG_CXX_LANGUAGE_STANDARD = "gnu++0x";
				CLANG_CXX_LIBRARY = "libc++";
				CLANG_ENABLE_MODULES = YES;
				CLANG_ENABLE_OBJC_ARC = YES;
				CLANG_WARN_BOOL_CONVERSION = YES;
				CLANG_WARN_CONSTANT_CONVERSION = YES;
				CLANG_WARN_DIRECT_OBJC_ISA_USAGE = YES_ERROR;
				CLANG_WARN_DOCUMENTATION_COMMENTS = YES;
				CLANG_WARN_EMPTY_BODY = YES;
				CLANG_WARN_ENUM_CONVERSION = YES;
				CLANG_WARN_INFINITE_RECURSION = YES;
				CLANG_WARN_INT_CONVERSION = YES;
				CLANG_WARN_OBJC_ROOT_CLASS = YES_ERROR;
				CLANG_WARN_SUSPICIOUS_MOVE = YES;
				CLANG_WARN_UNREACHABLE_CODE = YES;
				CLANG_WARN__DUPLICATE_METHOD_MATCH = YES;
				"CODE_SIGN_IDENTITY[sdk=iphoneos*]" = "iPhone Developer";
				COPY_PHASE_STRIP = NO;
				CURRENT_PROJECT_VERSION = 1;
				DEBUG_INFORMATION_FORMAT = "dwarf-with-dsym";
				ENABLE_NS_ASSERTIONS = NO;
				ENABLE_STRICT_OBJC_MSGSEND = YES;
				GCC_C_LANGUAGE_STANDARD = gnu99;
				GCC_NO_COMMON_BLOCKS = YES;
				GCC_WARN_64_TO_32_BIT_CONVERSION = YES;
				GCC_WARN_ABOUT_RETURN_TYPE = YES_ERROR;
				GCC_WARN_UNDECLARED_SELECTOR = YES;
				GCC_WARN_UNINITIALIZED_AUTOS = YES_AGGRESSIVE;
				GCC_WARN_UNUSED_FUNCTION = YES;
				GCC_WARN_UNUSED_VARIABLE = YES;
				IPHONEOS_DEPLOYMENT_TARGET = 10.2;
				MTL_ENABLE_DEBUG_INFO = NO;
				SDKROOT = iphoneos;
				TARGETED_DEVICE_FAMILY = "1,2";
				VALIDATE_PRODUCT = YES;
				VERSIONING_SYSTEM = "apple-generic";
				VERSION_INFO_PREFIX = "";
			};
			name = Release;
		};
		FD7E94F61EDFCA4B00A8392A /* Debug */ = {
			isa = XCBuildConfiguration;
			buildSettings = {
				CODE_SIGN_IDENTITY = "";
				"CODE_SIGN_IDENTITY[sdk=iphoneos*]" = "iPhone Developer";
				DEFINES_MODULE = YES;
				DEVELOPMENT_TEAM = NVDY5XJZGD;
				DYLIB_COMPATIBILITY_VERSION = 1;
				DYLIB_CURRENT_VERSION = 1;
				DYLIB_INSTALL_NAME_BASE = "@rpath";
				INFOPLIST_FILE = iOSPalette/Info.plist;
				INSTALL_PATH = "$(LOCAL_LIBRARY_DIR)/Frameworks";
				LD_RUNPATH_SEARCH_PATHS = "$(inherited) @executable_path/Frameworks @loader_path/Frameworks";
				MACH_O_TYPE = staticlib;
				OTHER_LDFLAGS = (
					"-Objc",
					"-all_load",
				);
				PRODUCT_BUNDLE_IDENTIFIER = com.dylantang.iOSPalette;
				PRODUCT_NAME = "$(TARGET_NAME)";
				SKIP_INSTALL = YES;
			};
			name = Debug;
		};
		FD7E94F71EDFCA4B00A8392A /* Release */ = {
			isa = XCBuildConfiguration;
			buildSettings = {
				CODE_SIGN_IDENTITY = "";
				DEFINES_MODULE = YES;
				DEVELOPMENT_TEAM = NVDY5XJZGD;
				DYLIB_COMPATIBILITY_VERSION = 1;
				DYLIB_CURRENT_VERSION = 1;
				DYLIB_INSTALL_NAME_BASE = "@rpath";
				INFOPLIST_FILE = iOSPalette/Info.plist;
				INSTALL_PATH = "$(LOCAL_LIBRARY_DIR)/Frameworks";
				LD_RUNPATH_SEARCH_PATHS = "$(inherited) @executable_path/Frameworks @loader_path/Frameworks";
				MACH_O_TYPE = staticlib;
				OTHER_LDFLAGS = (
					"-Objc",
					"-all_load",
				);
				PRODUCT_BUNDLE_IDENTIFIER = com.dylantang.iOSPalette;
				PRODUCT_NAME = "$(TARGET_NAME)";
				SKIP_INSTALL = YES;
			};
			name = Release;
		};
		FD7E94F91EDFCA4B00A8392A /* Debug */ = {
			isa = XCBuildConfiguration;
			buildSettings = {
				INFOPLIST_FILE = iOSPaletteTests/Info.plist;
				LD_RUNPATH_SEARCH_PATHS = "$(inherited) @executable_path/Frameworks @loader_path/Frameworks";
				PRODUCT_BUNDLE_IDENTIFIER = com.dylantang.iOSPaletteTests;
				PRODUCT_NAME = "$(TARGET_NAME)";
			};
			name = Debug;
		};
		FD7E94FA1EDFCA4B00A8392A /* Release */ = {
			isa = XCBuildConfiguration;
			buildSettings = {
				INFOPLIST_FILE = iOSPaletteTests/Info.plist;
				LD_RUNPATH_SEARCH_PATHS = "$(inherited) @executable_path/Frameworks @loader_path/Frameworks";
				PRODUCT_BUNDLE_IDENTIFIER = com.dylantang.iOSPaletteTests;
				PRODUCT_NAME = "$(TARGET_NAME)";
			};
			name = Release;
		};
		FD7E954F1EDFEEA200A8392A /* Debug */ = {
			isa = XCBuildConfiguration;
			buildSettings = {
				ASSETCATALOG_COMPILER_APPICON_NAME = AppIcon;
				DEVELOPMENT_TEAM = NVDY5XJZGD;
				INFOPLIST_FILE = PaletteDemo/Info.plist;
				LD_RUNPATH_SEARCH_PATHS = "$(inherited) @executable_path/Frameworks";
				OTHER_LDFLAGS = (
					"-Objc",
					"-all_load",
				);
				PRODUCT_BUNDLE_IDENTIFIER = com.dylantang.PaletteDemo;
				PRODUCT_NAME = "$(TARGET_NAME)";
			};
			name = Debug;
		};
		FD7E95501EDFEEA200A8392A /* Release */ = {
			isa = XCBuildConfiguration;
			buildSettings = {
				ASSETCATALOG_COMPILER_APPICON_NAME = AppIcon;
				DEVELOPMENT_TEAM = NVDY5XJZGD;
				INFOPLIST_FILE = PaletteDemo/Info.plist;
				LD_RUNPATH_SEARCH_PATHS = "$(inherited) @executable_path/Frameworks";
				OTHER_LDFLAGS = (
					"-Objc",
					"-all_load",
				);
				PRODUCT_BUNDLE_IDENTIFIER = com.dylantang.PaletteDemo;
				PRODUCT_NAME = "$(TARGET_NAME)";
			};
			name = Release;
		};
		FD7E95521EDFEEA200A8392A /* Debug */ = {
			isa = XCBuildConfiguration;
			buildSettings = {
				BUNDLE_LOADER = "$(TEST_HOST)";
				INFOPLIST_FILE = PaletteDemoTests/Info.plist;
				LD_RUNPATH_SEARCH_PATHS = "$(inherited) @executable_path/Frameworks @loader_path/Frameworks";
				PRODUCT_BUNDLE_IDENTIFIER = com.dylantang.PaletteDemoTests;
				PRODUCT_NAME = "$(TARGET_NAME)";
				TEST_HOST = "$(BUILT_PRODUCTS_DIR)/PaletteDemo.app/PaletteDemo";
			};
			name = Debug;
		};
		FD7E95531EDFEEA200A8392A /* Release */ = {
			isa = XCBuildConfiguration;
			buildSettings = {
				BUNDLE_LOADER = "$(TEST_HOST)";
				INFOPLIST_FILE = PaletteDemoTests/Info.plist;
				LD_RUNPATH_SEARCH_PATHS = "$(inherited) @executable_path/Frameworks @loader_path/Frameworks";
				PRODUCT_BUNDLE_IDENTIFIER = com.dylantang.PaletteDemoTests;
				PRODUCT_NAME = "$(TARGET_NAME)";
				TEST_HOST = "$(BUILT_PRODUCTS_DIR)/PaletteDemo.app/PaletteDemo";
			};
			name = Release;
		};
		FD7E95551EDFEEA200A8392A /* Debug */ = {
			isa = XCBuildConfiguration;
			buildSettings = {
				INFOPLIST_FILE = PaletteDemoUITests/Info.plist;
				LD_RUNPATH_SEARCH_PATHS = "$(inherited) @executable_path/Frameworks @loader_path/Frameworks";
				PRODUCT_BUNDLE_IDENTIFIER = com.dylantang.PaletteDemoUITests;
				PRODUCT_NAME = "$(TARGET_NAME)";
				TEST_TARGET_NAME = PaletteDemo;
			};
			name = Debug;
		};
		FD7E95561EDFEEA200A8392A /* Release */ = {
			isa = XCBuildConfiguration;
			buildSettings = {
				INFOPLIST_FILE = PaletteDemoUITests/Info.plist;
				LD_RUNPATH_SEARCH_PATHS = "$(inherited) @executable_path/Frameworks @loader_path/Frameworks";
				PRODUCT_BUNDLE_IDENTIFIER = com.dylantang.PaletteDemoUITests;
				PRODUCT_NAME = "$(TARGET_NAME)";
				TEST_TARGET_NAME = PaletteDemo;
			};
			name = Release;
		};
/* End XCBuildConfiguration section */

/* Begin XCConfigurationList section */
		FD7E94DB1EDFCA4B00A8392A /* Build configuration list for PBXProject "iOSPalette" */ = {
			isa = XCConfigurationList;
			buildConfigurations = (
				FD7E94F31EDFCA4B00A8392A /* Debug */,
				FD7E94F41EDFCA4B00A8392A /* Release */,
			);
			defaultConfigurationIsVisible = 0;
			defaultConfigurationName = Release;
		};
		FD7E94F51EDFCA4B00A8392A /* Build configuration list for PBXNativeTarget "iOSPalette" */ = {
			isa = XCConfigurationList;
			buildConfigurations = (
				FD7E94F61EDFCA4B00A8392A /* Debug */,
				FD7E94F71EDFCA4B00A8392A /* Release */,
			);
			defaultConfigurationIsVisible = 0;
			defaultConfigurationName = Release;
		};
		FD7E94F81EDFCA4B00A8392A /* Build configuration list for PBXNativeTarget "iOSPaletteTests" */ = {
			isa = XCConfigurationList;
			buildConfigurations = (
				FD7E94F91EDFCA4B00A8392A /* Debug */,
				FD7E94FA1EDFCA4B00A8392A /* Release */,
			);
			defaultConfigurationIsVisible = 0;
			defaultConfigurationName = Release;
		};
		FD7E954E1EDFEEA200A8392A /* Build configuration list for PBXNativeTarget "PaletteDemo" */ = {
			isa = XCConfigurationList;
			buildConfigurations = (
				FD7E954F1EDFEEA200A8392A /* Debug */,
				FD7E95501EDFEEA200A8392A /* Release */,
			);
			defaultConfigurationIsVisible = 0;
			defaultConfigurationName = Release;
		};
		FD7E95511EDFEEA200A8392A /* Build configuration list for PBXNativeTarget "PaletteDemoTests" */ = {
			isa = XCConfigurationList;
			buildConfigurations = (
				FD7E95521EDFEEA200A8392A /* Debug */,
				FD7E95531EDFEEA200A8392A /* Release */,
			);
			defaultConfigurationIsVisible = 0;
			defaultConfigurationName = Release;
		};
		FD7E95541EDFEEA200A8392A /* Build configuration list for PBXNativeTarget "PaletteDemoUITests" */ = {
			isa = XCConfigurationList;
			buildConfigurations = (
				FD7E95551EDFEEA200A8392A /* Debug */,
				FD7E95561EDFEEA200A8392A /* Release */,
			);
			defaultConfigurationIsVisible = 0;
			defaultConfigurationName = Release;
		};
/* End XCConfigurationList section */
	};
	rootObject = FD7E94D81EDFCA4B00A8392A /* Project object */;
}
